// !$*UTF8*$!
{
	archiveVersion = 1;
	classes = {
	};
	objectVersion = 50;
	objects = {

/* Begin PBXBuildFile section */
		2F4F45F20F857C40FF3042C8 /* Pods_FlickTests.framework in Frameworks */ = {isa = PBXBuildFile; fileRef = 5B707D83732520D03DFAEA1F /* Pods_FlickTests.framework */; };
		B5DD2AF016F712DBDB4C173E /* Pods_Flick.framework in Frameworks */ = {isa = PBXBuildFile; fileRef = F0A73F165E91AF3212FC65A5 /* Pods_Flick.framework */; };
		B8559D54BB80820D61A2847F /* Pods_FlickUITests.framework in Frameworks */ = {isa = PBXBuildFile; fileRef = FC34A3988E471EE468E70D74 /* Pods_FlickUITests.framework */; };
		BDBEF8D6224EEE1A00829E82 /* AppDelegate.swift in Sources */ = {isa = PBXBuildFile; fileRef = BDBEF8D5224EEE1A00829E82 /* AppDelegate.swift */; };
		BDBEF8D8224EEE1A00829E82 /* ViewController.swift in Sources */ = {isa = PBXBuildFile; fileRef = BDBEF8D7224EEE1A00829E82 /* ViewController.swift */; };
		BDBEF8DB224EEE1A00829E82 /* Main.storyboard in Resources */ = {isa = PBXBuildFile; fileRef = BDBEF8D9224EEE1A00829E82 /* Main.storyboard */; };
		BDBEF8DE224EEE1A00829E82 /* Flick.xcdatamodeld in Sources */ = {isa = PBXBuildFile; fileRef = BDBEF8DC224EEE1A00829E82 /* Flick.xcdatamodeld */; };
		BDBEF8E0224EEE1B00829E82 /* Assets.xcassets in Resources */ = {isa = PBXBuildFile; fileRef = BDBEF8DF224EEE1B00829E82 /* Assets.xcassets */; };
		BDBEF8E3224EEE1B00829E82 /* LaunchScreen.storyboard in Resources */ = {isa = PBXBuildFile; fileRef = BDBEF8E1224EEE1B00829E82 /* LaunchScreen.storyboard */; };
		BDBEF8EE224EEE1B00829E82 /* FlickTests.swift in Sources */ = {isa = PBXBuildFile; fileRef = BDBEF8ED224EEE1B00829E82 /* FlickTests.swift */; };
		BDBEF8F9224EEE1B00829E82 /* FlickUITests.swift in Sources */ = {isa = PBXBuildFile; fileRef = BDBEF8F8224EEE1B00829E82 /* FlickUITests.swift */; };
		BDBEF90A224EEE5A00829E82 /* Cartfile in Resources */ = {isa = PBXBuildFile; fileRef = BDBEF906224EEE5A00829E82 /* Cartfile */; };
		BDBEF90B224EEE5A00829E82 /* .gitignore in Resources */ = {isa = PBXBuildFile; fileRef = BDBEF907224EEE5A00829E82 /* .gitignore */; };
		BDBEF90C224EEE5A00829E82 /* .swiftlint.yml in Resources */ = {isa = PBXBuildFile; fileRef = BDBEF908224EEE5A00829E82 /* .swiftlint.yml */; };
		BDBEF90D224EEE5A00829E82 /* swiftgen.yml in Resources */ = {isa = PBXBuildFile; fileRef = BDBEF909224EEE5A00829E82 /* swiftgen.yml */; };
		BDBEF913224EEF9E00829E82 /* Localizable.strings in Resources */ = {isa = PBXBuildFile; fileRef = BDBEF911224EEF9E00829E82 /* Localizable.strings */; };
		BDBEF915224EEFDF00829E82 /* Envoriment.swift in Sources */ = {isa = PBXBuildFile; fileRef = BDBEF914224EEFDF00829E82 /* Envoriment.swift */; };
		BDBEF91C224EF26500829E82 /* L10n.swift in Sources */ = {isa = PBXBuildFile; fileRef = BDBEF91B224EF26500829E82 /* L10n.swift */; };
		BDBEF91E224EF29000829E82 /* FlickrApi.swift in Sources */ = {isa = PBXBuildFile; fileRef = BDBEF91D224EF29000829E82 /* FlickrApi.swift */; };
		BDBEF922224EF3D600829E82 /* color.txt in Resources */ = {isa = PBXBuildFile; fileRef = BDBEF921224EF3D600829E82 /* color.txt */; };
		BDBEF927224EF96400829E82 /* Moya.framework in Frameworks */ = {isa = PBXBuildFile; fileRef = BDBEF926224EF96400829E82 /* Moya.framework */; };
		BDBEF929224EF9DA00829E82 /* FkrSearchRequest.swift in Sources */ = {isa = PBXBuildFile; fileRef = BDBEF928224EF9DA00829E82 /* FkrSearchRequest.swift */; };
		BDBEF92B224EFDEC00829E82 /* DictionarySerializable.swift in Sources */ = {isa = PBXBuildFile; fileRef = BDBEF92A224EFDEC00829E82 /* DictionarySerializable.swift */; };
/* End PBXBuildFile section */

/* Begin PBXContainerItemProxy section */
		BDBEF8EA224EEE1B00829E82 /* PBXContainerItemProxy */ = {
			isa = PBXContainerItemProxy;
			containerPortal = BDBEF8CA224EEE1A00829E82 /* Project object */;
			proxyType = 1;
			remoteGlobalIDString = BDBEF8D1224EEE1A00829E82;
			remoteInfo = Flick;
		};
		BDBEF8F5224EEE1B00829E82 /* PBXContainerItemProxy */ = {
			isa = PBXContainerItemProxy;
			containerPortal = BDBEF8CA224EEE1A00829E82 /* Project object */;
			proxyType = 1;
			remoteGlobalIDString = BDBEF8D1224EEE1A00829E82;
			remoteInfo = Flick;
		};
/* End PBXContainerItemProxy section */

/* Begin PBXFileReference section */
		1C365CAAE2EF72A2A14B1383 /* Pods-Flick.debug.xcconfig */ = {isa = PBXFileReference; includeInIndex = 1; lastKnownFileType = text.xcconfig; name = "Pods-Flick.debug.xcconfig"; path = "Target Support Files/Pods-Flick/Pods-Flick.debug.xcconfig"; sourceTree = "<group>"; };
		25D324F85FD1D7D22A0C3AB1 /* Pods-FlickTests.release.xcconfig */ = {isa = PBXFileReference; includeInIndex = 1; lastKnownFileType = text.xcconfig; name = "Pods-FlickTests.release.xcconfig"; path = "Target Support Files/Pods-FlickTests/Pods-FlickTests.release.xcconfig"; sourceTree = "<group>"; };
		42C28AF6200681BA26B3A394 /* Pods-FlickUITests.debug.xcconfig */ = {isa = PBXFileReference; includeInIndex = 1; lastKnownFileType = text.xcconfig; name = "Pods-FlickUITests.debug.xcconfig"; path = "Target Support Files/Pods-FlickUITests/Pods-FlickUITests.debug.xcconfig"; sourceTree = "<group>"; };
		5B707D83732520D03DFAEA1F /* Pods_FlickTests.framework */ = {isa = PBXFileReference; explicitFileType = wrapper.framework; includeInIndex = 0; path = Pods_FlickTests.framework; sourceTree = BUILT_PRODUCTS_DIR; };
		6EBD8051D21904ADE4DD5606 /* Pods-FlickTests.debug.xcconfig */ = {isa = PBXFileReference; includeInIndex = 1; lastKnownFileType = text.xcconfig; name = "Pods-FlickTests.debug.xcconfig"; path = "Target Support Files/Pods-FlickTests/Pods-FlickTests.debug.xcconfig"; sourceTree = "<group>"; };
		BDBEF8D2224EEE1A00829E82 /* Flick.app */ = {isa = PBXFileReference; explicitFileType = wrapper.application; includeInIndex = 0; path = Flick.app; sourceTree = BUILT_PRODUCTS_DIR; };
		BDBEF8D5224EEE1A00829E82 /* AppDelegate.swift */ = {isa = PBXFileReference; lastKnownFileType = sourcecode.swift; path = AppDelegate.swift; sourceTree = "<group>"; };
		BDBEF8D7224EEE1A00829E82 /* ViewController.swift */ = {isa = PBXFileReference; lastKnownFileType = sourcecode.swift; path = ViewController.swift; sourceTree = "<group>"; };
		BDBEF8DA224EEE1A00829E82 /* Base */ = {isa = PBXFileReference; lastKnownFileType = file.storyboard; name = Base; path = Base.lproj/Main.storyboard; sourceTree = "<group>"; };
		BDBEF8DD224EEE1A00829E82 /* Flick.xcdatamodel */ = {isa = PBXFileReference; lastKnownFileType = wrapper.xcdatamodel; path = Flick.xcdatamodel; sourceTree = "<group>"; };
		BDBEF8DF224EEE1B00829E82 /* Assets.xcassets */ = {isa = PBXFileReference; lastKnownFileType = folder.assetcatalog; path = Assets.xcassets; sourceTree = "<group>"; };
		BDBEF8E2224EEE1B00829E82 /* Base */ = {isa = PBXFileReference; lastKnownFileType = file.storyboard; name = Base; path = Base.lproj/LaunchScreen.storyboard; sourceTree = "<group>"; };
		BDBEF8E4224EEE1B00829E82 /* Info.plist */ = {isa = PBXFileReference; lastKnownFileType = text.plist.xml; path = Info.plist; sourceTree = "<group>"; };
		BDBEF8E9224EEE1B00829E82 /* FlickTests.xctest */ = {isa = PBXFileReference; explicitFileType = wrapper.cfbundle; includeInIndex = 0; path = FlickTests.xctest; sourceTree = BUILT_PRODUCTS_DIR; };
		BDBEF8ED224EEE1B00829E82 /* FlickTests.swift */ = {isa = PBXFileReference; lastKnownFileType = sourcecode.swift; path = FlickTests.swift; sourceTree = "<group>"; };
		BDBEF8EF224EEE1B00829E82 /* Info.plist */ = {isa = PBXFileReference; lastKnownFileType = text.plist.xml; path = Info.plist; sourceTree = "<group>"; };
		BDBEF8F4224EEE1B00829E82 /* FlickUITests.xctest */ = {isa = PBXFileReference; explicitFileType = wrapper.cfbundle; includeInIndex = 0; path = FlickUITests.xctest; sourceTree = BUILT_PRODUCTS_DIR; };
		BDBEF8F8224EEE1B00829E82 /* FlickUITests.swift */ = {isa = PBXFileReference; lastKnownFileType = sourcecode.swift; path = FlickUITests.swift; sourceTree = "<group>"; };
		BDBEF8FA224EEE1B00829E82 /* Info.plist */ = {isa = PBXFileReference; lastKnownFileType = text.plist.xml; path = Info.plist; sourceTree = "<group>"; };
		BDBEF906224EEE5A00829E82 /* Cartfile */ = {isa = PBXFileReference; fileEncoding = 4; lastKnownFileType = text; path = Cartfile; sourceTree = "<group>"; };
		BDBEF907224EEE5A00829E82 /* .gitignore */ = {isa = PBXFileReference; fileEncoding = 4; lastKnownFileType = text; path = .gitignore; sourceTree = "<group>"; };
		BDBEF908224EEE5A00829E82 /* .swiftlint.yml */ = {isa = PBXFileReference; fileEncoding = 4; lastKnownFileType = text; path = .swiftlint.yml; sourceTree = "<group>"; };
		BDBEF909224EEE5A00829E82 /* swiftgen.yml */ = {isa = PBXFileReference; fileEncoding = 4; lastKnownFileType = text; path = swiftgen.yml; sourceTree = "<group>"; };
		BDBEF912224EEF9E00829E82 /* Base */ = {isa = PBXFileReference; lastKnownFileType = text.plist.strings; name = Base; path = Base.lproj/Localizable.strings; sourceTree = "<group>"; };
		BDBEF914224EEFDF00829E82 /* Envoriment.swift */ = {isa = PBXFileReference; lastKnownFileType = sourcecode.swift; path = Envoriment.swift; sourceTree = "<group>"; };
		BDBEF91B224EF26500829E82 /* L10n.swift */ = {isa = PBXFileReference; fileEncoding = 4; lastKnownFileType = sourcecode.swift; path = L10n.swift; sourceTree = "<group>"; };
		BDBEF91D224EF29000829E82 /* FlickrApi.swift */ = {isa = PBXFileReference; lastKnownFileType = sourcecode.swift; path = FlickrApi.swift; sourceTree = "<group>"; };
		BDBEF921224EF3D600829E82 /* color.txt */ = {isa = PBXFileReference; lastKnownFileType = text; path = color.txt; sourceTree = "<group>"; };
		BDBEF926224EF96400829E82 /* Moya.framework */ = {isa = PBXFileReference; lastKnownFileType = wrapper.framework; name = Moya.framework; path = Carthage/Build/iOS/Moya.framework; sourceTree = "<group>"; };
		BDBEF928224EF9DA00829E82 /* FkrSearchRequest.swift */ = {isa = PBXFileReference; lastKnownFileType = sourcecode.swift; path = FkrSearchRequest.swift; sourceTree = "<group>"; };
		BDBEF92A224EFDEC00829E82 /* DictionarySerializable.swift */ = {isa = PBXFileReference; lastKnownFileType = sourcecode.swift; path = DictionarySerializable.swift; sourceTree = "<group>"; };
		D4012C9C4A2515B3963C7316 /* Pods-FlickUITests.release.xcconfig */ = {isa = PBXFileReference; includeInIndex = 1; lastKnownFileType = text.xcconfig; name = "Pods-FlickUITests.release.xcconfig"; path = "Target Support Files/Pods-FlickUITests/Pods-FlickUITests.release.xcconfig"; sourceTree = "<group>"; };
		F0A73F165E91AF3212FC65A5 /* Pods_Flick.framework */ = {isa = PBXFileReference; explicitFileType = wrapper.framework; includeInIndex = 0; path = Pods_Flick.framework; sourceTree = BUILT_PRODUCTS_DIR; };
		F80088DEEEFF629FC2A9531F /* Pods-Flick.release.xcconfig */ = {isa = PBXFileReference; includeInIndex = 1; lastKnownFileType = text.xcconfig; name = "Pods-Flick.release.xcconfig"; path = "Target Support Files/Pods-Flick/Pods-Flick.release.xcconfig"; sourceTree = "<group>"; };
		FC34A3988E471EE468E70D74 /* Pods_FlickUITests.framework */ = {isa = PBXFileReference; explicitFileType = wrapper.framework; includeInIndex = 0; path = Pods_FlickUITests.framework; sourceTree = BUILT_PRODUCTS_DIR; };
/* End PBXFileReference section */

/* Begin PBXFrameworksBuildPhase section */
		BDBEF8CF224EEE1A00829E82 /* Frameworks */ = {
			isa = PBXFrameworksBuildPhase;
			buildActionMask = 2147483647;
			files = (
				BDBEF927224EF96400829E82 /* Moya.framework in Frameworks */,
				B5DD2AF016F712DBDB4C173E /* Pods_Flick.framework in Frameworks */,
			);
			runOnlyForDeploymentPostprocessing = 0;
		};
		BDBEF8E6224EEE1B00829E82 /* Frameworks */ = {
			isa = PBXFrameworksBuildPhase;
			buildActionMask = 2147483647;
			files = (
				2F4F45F20F857C40FF3042C8 /* Pods_FlickTests.framework in Frameworks */,
			);
			runOnlyForDeploymentPostprocessing = 0;
		};
		BDBEF8F1224EEE1B00829E82 /* Frameworks */ = {
			isa = PBXFrameworksBuildPhase;
			buildActionMask = 2147483647;
			files = (
				B8559D54BB80820D61A2847F /* Pods_FlickUITests.framework in Frameworks */,
			);
			runOnlyForDeploymentPostprocessing = 0;
		};
/* End PBXFrameworksBuildPhase section */

/* Begin PBXGroup section */
		BDBEF8C9224EEE1A00829E82 = {
			isa = PBXGroup;
			children = (
				BDBEF90E224EEF0B00829E82 /* Generated */,
				BDBEF907224EEE5A00829E82 /* .gitignore */,
				BDBEF908224EEE5A00829E82 /* .swiftlint.yml */,
				BDBEF906224EEE5A00829E82 /* Cartfile */,
				BDBEF909224EEE5A00829E82 /* swiftgen.yml */,
				BDBEF8D4224EEE1A00829E82 /* Flick */,
				BDBEF8EC224EEE1B00829E82 /* FlickTests */,
				BDBEF8F7224EEE1B00829E82 /* FlickUITests */,
				BDBEF8D3224EEE1A00829E82 /* Products */,
				CD949B182E2989BB8CDA09C6 /* Pods */,
				FE27D743491EE86A51AF231A /* Frameworks */,
			);
			sourceTree = "<group>";
		};
		BDBEF8D3224EEE1A00829E82 /* Products */ = {
			isa = PBXGroup;
			children = (
				BDBEF8D2224EEE1A00829E82 /* Flick.app */,
				BDBEF8E9224EEE1B00829E82 /* FlickTests.xctest */,
				BDBEF8F4224EEE1B00829E82 /* FlickUITests.xctest */,
			);
			name = Products;
			sourceTree = "<group>";
		};
		BDBEF8D4224EEE1A00829E82 /* Flick */ = {
			isa = PBXGroup;
			children = (
				BDBEF925224EF52A00829E82 /* Model */,
				BDBEF923224EF50B00829E82 /* Network */,
				BDBEF91F224EF3B500829E82 /* Resources */,
				BDBEF916224EEFE500829E82 /* Config */,
				BDBEF911224EEF9E00829E82 /* Localizable.strings */,
				BDBEF8D5224EEE1A00829E82 /* AppDelegate.swift */,
				BDBEF8D7224EEE1A00829E82 /* ViewController.swift */,
				BDBEF8D9224EEE1A00829E82 /* Main.storyboard */,
				BDBEF8DF224EEE1B00829E82 /* Assets.xcassets */,
				BDBEF8E1224EEE1B00829E82 /* LaunchScreen.storyboard */,
				BDBEF8E4224EEE1B00829E82 /* Info.plist */,
				BDBEF8DC224EEE1A00829E82 /* Flick.xcdatamodeld */,
			);
			path = Flick;
			sourceTree = "<group>";
		};
		BDBEF8EC224EEE1B00829E82 /* FlickTests */ = {
			isa = PBXGroup;
			children = (
				BDBEF8ED224EEE1B00829E82 /* FlickTests.swift */,
				BDBEF8EF224EEE1B00829E82 /* Info.plist */,
			);
			path = FlickTests;
			sourceTree = "<group>";
		};
		BDBEF8F7224EEE1B00829E82 /* FlickUITests */ = {
			isa = PBXGroup;
			children = (
				BDBEF8F8224EEE1B00829E82 /* FlickUITests.swift */,
				BDBEF8FA224EEE1B00829E82 /* Info.plist */,
			);
			path = FlickUITests;
			sourceTree = "<group>";
		};
		BDBEF90E224EEF0B00829E82 /* Generated */ = {
			isa = PBXGroup;
			children = (
				BDBEF91B224EF26500829E82 /* L10n.swift */,
			);
			path = Generated;
			sourceTree = "<group>";
		};
		BDBEF916224EEFE500829E82 /* Config */ = {
			isa = PBXGroup;
			children = (
				BDBEF914224EEFDF00829E82 /* Envoriment.swift */,
			);
			path = Config;
			sourceTree = "<group>";
		};
		BDBEF91F224EF3B500829E82 /* Resources */ = {
			isa = PBXGroup;
			children = (
				BDBEF920224EF3BC00829E82 /* Fonts */,
				BDBEF921224EF3D600829E82 /* color.txt */,
			);
			path = Resources;
			sourceTree = "<group>";
		};
		BDBEF920224EF3BC00829E82 /* Fonts */ = {
			isa = PBXGroup;
			children = (
			);
			path = Fonts;
			sourceTree = "<group>";
		};
		BDBEF923224EF50B00829E82 /* Network */ = {
			isa = PBXGroup;
			children = (
				BDBEF91D224EF29000829E82 /* FlickrApi.swift */,
			);
			path = Network;
			sourceTree = "<group>";
		};
		BDBEF925224EF52A00829E82 /* Model */ = {
			isa = PBXGroup;
			children = (
				BDBEF928224EF9DA00829E82 /* FkrSearchRequest.swift */,
				BDBEF92A224EFDEC00829E82 /* DictionarySerializable.swift */,
			);
			path = Model;
			sourceTree = "<group>";
		};
		CD949B182E2989BB8CDA09C6 /* Pods */ = {
			isa = PBXGroup;
			children = (
				1C365CAAE2EF72A2A14B1383 /* Pods-Flick.debug.xcconfig */,
				F80088DEEEFF629FC2A9531F /* Pods-Flick.release.xcconfig */,
				6EBD8051D21904ADE4DD5606 /* Pods-FlickTests.debug.xcconfig */,
				25D324F85FD1D7D22A0C3AB1 /* Pods-FlickTests.release.xcconfig */,
				42C28AF6200681BA26B3A394 /* Pods-FlickUITests.debug.xcconfig */,
				D4012C9C4A2515B3963C7316 /* Pods-FlickUITests.release.xcconfig */,
			);
			path = Pods;
			sourceTree = "<group>";
		};
		FE27D743491EE86A51AF231A /* Frameworks */ = {
			isa = PBXGroup;
			children = (
				BDBEF926224EF96400829E82 /* Moya.framework */,
				F0A73F165E91AF3212FC65A5 /* Pods_Flick.framework */,
				5B707D83732520D03DFAEA1F /* Pods_FlickTests.framework */,
				FC34A3988E471EE468E70D74 /* Pods_FlickUITests.framework */,
			);
			name = Frameworks;
			sourceTree = "<group>";
		};
/* End PBXGroup section */

/* Begin PBXNativeTarget section */
		BDBEF8D1224EEE1A00829E82 /* Flick */ = {
			isa = PBXNativeTarget;
			buildConfigurationList = BDBEF8FD224EEE1B00829E82 /* Build configuration list for PBXNativeTarget "Flick" */;
			buildPhases = (
				4CEE8FA6CEE9CF8918B5440A /* [CP] Check Pods Manifest.lock */,
				BDBEF917224EF12000829E82 /* SwiftLint */,
				BDBEF918224EF13C00829E82 /* Mark */,
				BDBEF919224EF14B00829E82 /* SwiftGen */,
				BDBEF8CE224EEE1A00829E82 /* Sources */,
				BDBEF91A224EF16900829E82 /* [CP] Copy Carthage Resources */,
				BDBEF8CF224EEE1A00829E82 /* Frameworks */,
				BDBEF8D0224EEE1A00829E82 /* Resources */,
				41A44D44A7D89BDBC2308361 /* [CP] Embed Pods Frameworks */,
			);
			buildRules = (
			);
			dependencies = (
			);
			name = Flick;
			productName = Flick;
			productReference = BDBEF8D2224EEE1A00829E82 /* Flick.app */;
			productType = "com.apple.product-type.application";
		};
		BDBEF8E8224EEE1B00829E82 /* FlickTests */ = {
			isa = PBXNativeTarget;
			buildConfigurationList = BDBEF900224EEE1B00829E82 /* Build configuration list for PBXNativeTarget "FlickTests" */;
			buildPhases = (
				155CD06180E4006357A9739C /* [CP] Check Pods Manifest.lock */,
				BDBEF8E5224EEE1B00829E82 /* Sources */,
				BDBEF8E6224EEE1B00829E82 /* Frameworks */,
				BDBEF8E7224EEE1B00829E82 /* Resources */,
				D8632A87BF32D07122FFA18F /* [CP] Embed Pods Frameworks */,
			);
			buildRules = (
			);
			dependencies = (
				BDBEF8EB224EEE1B00829E82 /* PBXTargetDependency */,
			);
			name = FlickTests;
			productName = FlickTests;
			productReference = BDBEF8E9224EEE1B00829E82 /* FlickTests.xctest */;
			productType = "com.apple.product-type.bundle.unit-test";
		};
		BDBEF8F3224EEE1B00829E82 /* FlickUITests */ = {
			isa = PBXNativeTarget;
			buildConfigurationList = BDBEF903224EEE1B00829E82 /* Build configuration list for PBXNativeTarget "FlickUITests" */;
			buildPhases = (
				169CCB2ABC99A96A833F445E /* [CP] Check Pods Manifest.lock */,
				BDBEF8F0224EEE1B00829E82 /* Sources */,
				BDBEF8F1224EEE1B00829E82 /* Frameworks */,
				BDBEF8F2224EEE1B00829E82 /* Resources */,
			);
			buildRules = (
			);
			dependencies = (
				BDBEF8F6224EEE1B00829E82 /* PBXTargetDependency */,
			);
			name = FlickUITests;
			productName = FlickUITests;
			productReference = BDBEF8F4224EEE1B00829E82 /* FlickUITests.xctest */;
			productType = "com.apple.product-type.bundle.ui-testing";
		};
/* End PBXNativeTarget section */

/* Begin PBXProject section */
		BDBEF8CA224EEE1A00829E82 /* Project object */ = {
			isa = PBXProject;
			attributes = {
				LastSwiftUpdateCheck = 1010;
				LastUpgradeCheck = 1010;
				ORGANIZATIONNAME = hucet;
				TargetAttributes = {
					BDBEF8D1224EEE1A00829E82 = {
						CreatedOnToolsVersion = 10.1;
					};
					BDBEF8E8224EEE1B00829E82 = {
						CreatedOnToolsVersion = 10.1;
						TestTargetID = BDBEF8D1224EEE1A00829E82;
					};
					BDBEF8F3224EEE1B00829E82 = {
						CreatedOnToolsVersion = 10.1;
						TestTargetID = BDBEF8D1224EEE1A00829E82;
					};
				};
			};
			buildConfigurationList = BDBEF8CD224EEE1A00829E82 /* Build configuration list for PBXProject "Flick" */;
			compatibilityVersion = "Xcode 9.3";
			developmentRegion = en;
			hasScannedForEncodings = 0;
			knownRegions = (
				en,
				Base,
			);
			mainGroup = BDBEF8C9224EEE1A00829E82;
			productRefGroup = BDBEF8D3224EEE1A00829E82 /* Products */;
			projectDirPath = "";
			projectRoot = "";
			targets = (
				BDBEF8D1224EEE1A00829E82 /* Flick */,
				BDBEF8E8224EEE1B00829E82 /* FlickTests */,
				BDBEF8F3224EEE1B00829E82 /* FlickUITests */,
			);
		};
/* End PBXProject section */

/* Begin PBXResourcesBuildPhase section */
		BDBEF8D0224EEE1A00829E82 /* Resources */ = {
			isa = PBXResourcesBuildPhase;
			buildActionMask = 2147483647;
			files = (
				BDBEF922224EF3D600829E82 /* color.txt in Resources */,
				BDBEF90C224EEE5A00829E82 /* .swiftlint.yml in Resources */,
				BDBEF90D224EEE5A00829E82 /* swiftgen.yml in Resources */,
				BDBEF90B224EEE5A00829E82 /* .gitignore in Resources */,
				BDBEF8E3224EEE1B00829E82 /* LaunchScreen.storyboard in Resources */,
				BDBEF8E0224EEE1B00829E82 /* Assets.xcassets in Resources */,
				BDBEF913224EEF9E00829E82 /* Localizable.strings in Resources */,
				BDBEF90A224EEE5A00829E82 /* Cartfile in Resources */,
				BDBEF8DB224EEE1A00829E82 /* Main.storyboard in Resources */,
			);
			runOnlyForDeploymentPostprocessing = 0;
		};
		BDBEF8E7224EEE1B00829E82 /* Resources */ = {
			isa = PBXResourcesBuildPhase;
			buildActionMask = 2147483647;
			files = (
			);
			runOnlyForDeploymentPostprocessing = 0;
		};
		BDBEF8F2224EEE1B00829E82 /* Resources */ = {
			isa = PBXResourcesBuildPhase;
			buildActionMask = 2147483647;
			files = (
			);
			runOnlyForDeploymentPostprocessing = 0;
		};
/* End PBXResourcesBuildPhase section */

/* Begin PBXShellScriptBuildPhase section */
		155CD06180E4006357A9739C /* [CP] Check Pods Manifest.lock */ = {
			isa = PBXShellScriptBuildPhase;
			buildActionMask = 2147483647;
			files = (
			);
			inputFileListPaths = (
			);
			inputPaths = (
				"${PODS_PODFILE_DIR_PATH}/Podfile.lock",
				"${PODS_ROOT}/Manifest.lock",
			);
			name = "[CP] Check Pods Manifest.lock";
			outputFileListPaths = (
			);
			outputPaths = (
				"$(DERIVED_FILE_DIR)/Pods-FlickTests-checkManifestLockResult.txt",
			);
			runOnlyForDeploymentPostprocessing = 0;
			shellPath = /bin/sh;
			shellScript = "diff \"${PODS_PODFILE_DIR_PATH}/Podfile.lock\" \"${PODS_ROOT}/Manifest.lock\" > /dev/null\nif [ $? != 0 ] ; then\n    # print error to STDERR\n    echo \"error: The sandbox is not in sync with the Podfile.lock. Run 'pod install' or update your CocoaPods installation.\" >&2\n    exit 1\nfi\n# This output is used by Xcode 'outputs' to avoid re-running this script phase.\necho \"SUCCESS\" > \"${SCRIPT_OUTPUT_FILE_0}\"\n";
			showEnvVarsInLog = 0;
		};
		169CCB2ABC99A96A833F445E /* [CP] Check Pods Manifest.lock */ = {
			isa = PBXShellScriptBuildPhase;
			buildActionMask = 2147483647;
			files = (
			);
			inputFileListPaths = (
			);
			inputPaths = (
				"${PODS_PODFILE_DIR_PATH}/Podfile.lock",
				"${PODS_ROOT}/Manifest.lock",
			);
			name = "[CP] Check Pods Manifest.lock";
			outputFileListPaths = (
			);
			outputPaths = (
				"$(DERIVED_FILE_DIR)/Pods-FlickUITests-checkManifestLockResult.txt",
			);
			runOnlyForDeploymentPostprocessing = 0;
			shellPath = /bin/sh;
			shellScript = "diff \"${PODS_PODFILE_DIR_PATH}/Podfile.lock\" \"${PODS_ROOT}/Manifest.lock\" > /dev/null\nif [ $? != 0 ] ; then\n    # print error to STDERR\n    echo \"error: The sandbox is not in sync with the Podfile.lock. Run 'pod install' or update your CocoaPods installation.\" >&2\n    exit 1\nfi\n# This output is used by Xcode 'outputs' to avoid re-running this script phase.\necho \"SUCCESS\" > \"${SCRIPT_OUTPUT_FILE_0}\"\n";
			showEnvVarsInLog = 0;
		};
		41A44D44A7D89BDBC2308361 /* [CP] Embed Pods Frameworks */ = {
			isa = PBXShellScriptBuildPhase;
			buildActionMask = 2147483647;
			files = (
			);
			inputFileListPaths = (
			);
			inputPaths = (
				"${PODS_ROOT}/Target Support Files/Pods-Flick/Pods-Flick-frameworks.sh",
				"${BUILT_PRODUCTS_DIR}/Then/Then.framework",
			);
			name = "[CP] Embed Pods Frameworks";
			outputFileListPaths = (
			);
			outputPaths = (
				"${TARGET_BUILD_DIR}/${FRAMEWORKS_FOLDER_PATH}/Then.framework",
			);
			runOnlyForDeploymentPostprocessing = 0;
			shellPath = /bin/sh;
			shellScript = "\"${PODS_ROOT}/Target Support Files/Pods-Flick/Pods-Flick-frameworks.sh\"\n";
			showEnvVarsInLog = 0;
		};
		4CEE8FA6CEE9CF8918B5440A /* [CP] Check Pods Manifest.lock */ = {
			isa = PBXShellScriptBuildPhase;
			buildActionMask = 2147483647;
			files = (
			);
			inputFileListPaths = (
			);
			inputPaths = (
				"${PODS_PODFILE_DIR_PATH}/Podfile.lock",
				"${PODS_ROOT}/Manifest.lock",
			);
			name = "[CP] Check Pods Manifest.lock";
			outputFileListPaths = (
			);
			outputPaths = (
				"$(DERIVED_FILE_DIR)/Pods-Flick-checkManifestLockResult.txt",
			);
			runOnlyForDeploymentPostprocessing = 0;
			shellPath = /bin/sh;
			shellScript = "diff \"${PODS_PODFILE_DIR_PATH}/Podfile.lock\" \"${PODS_ROOT}/Manifest.lock\" > /dev/null\nif [ $? != 0 ] ; then\n    # print error to STDERR\n    echo \"error: The sandbox is not in sync with the Podfile.lock. Run 'pod install' or update your CocoaPods installation.\" >&2\n    exit 1\nfi\n# This output is used by Xcode 'outputs' to avoid re-running this script phase.\necho \"SUCCESS\" > \"${SCRIPT_OUTPUT_FILE_0}\"\n";
			showEnvVarsInLog = 0;
		};
		BDBEF917224EF12000829E82 /* SwiftLint */ = {
			isa = PBXShellScriptBuildPhase;
			buildActionMask = 2147483647;
			files = (
			);
			inputFileListPaths = (
			);
			inputPaths = (
			);
			name = SwiftLint;
			outputFileListPaths = (
			);
			outputPaths = (
			);
			runOnlyForDeploymentPostprocessing = 0;
			shellPath = /bin/sh;
			shellScript = "if which swiftlint >/dev/null; then\nswiftlint\nelse\necho \"warning: SwiftLint not installed, download from https://github.com/realm/SwiftLint\"\nfi\n";
		};
		BDBEF918224EF13C00829E82 /* Mark */ = {
			isa = PBXShellScriptBuildPhase;
			buildActionMask = 2147483647;
			files = (
			);
			inputFileListPaths = (
			);
			inputPaths = (
			);
			name = Mark;
			outputFileListPaths = (
			);
			outputPaths = (
			);
			runOnlyForDeploymentPostprocessing = 0;
			shellPath = /bin/sh;
			shellScript = "KEYWORDS=\"TODO|FIXME|\\?\\?\\?:|\\!\\!\\!:\"\nfind \"$PROJECT_DIR/iRoboiOS\" \\( -name \"*.swift\" \\) -print0 | \\\nxargs -0 egrep --with-filename --line-number --only-matching \"($KEYWORDS).*\\$\" | \\\nperl -p -e \"s/($KEYWORDS)/ warning: \\$1/\"\n";
		};
		BDBEF919224EF14B00829E82 /* SwiftGen */ = {
			isa = PBXShellScriptBuildPhase;
			buildActionMask = 2147483647;
			files = (
			);
			inputFileListPaths = (
			);
			inputPaths = (
			);
			name = SwiftGen;
			outputFileListPaths = (
			);
			outputPaths = (
			);
			runOnlyForDeploymentPostprocessing = 0;
			shellPath = /bin/sh;
			shellScript = "$PODS_ROOT/SwiftGen/bin/swiftgen config run --config swiftgen.yml --verbose\n";
		};
		BDBEF91A224EF16900829E82 /* [CP] Copy Carthage Resources */ = {
			isa = PBXShellScriptBuildPhase;
			buildActionMask = 2147483647;
			files = (
			);
			inputFileListPaths = (
			);
			inputPaths = (
				"$(SRCROOT)/Carthage/Build/iOS/RxCocoa.framework",
				"$(SRCROOT)/Carthage/Build/iOS/RxSwift.framework",
				"$(SRCROOT)/Carthage/Build/iOS/Alamofire.framework",
				"$(SRCROOT)/Carthage/Build/iOS/Differentiator.framework",
				"$(SRCROOT)/Carthage/Build/iOS/Hero.framework",
				"$(SRCROOT)/Carthage/Build/iOS/IGListKit.framework",
				"$(SRCROOT)/Carthage/Build/iOS/ReactiveSwift.framework",
				"$(SRCROOT)/Carthage/Build/iOS/ReactorKit.framework",
				"$(SRCROOT)/Carthage/Build/iOS/ReactorKitRuntime.framework",
				"$(SRCROOT)/Carthage/Build/iOS/Result.framework",
				"$(SRCROOT)/Carthage/Build/iOS/RxAtomic.framework",
				"$(SRCROOT)/Carthage/Build/iOS/RxDataSources.framework",
				"$(SRCROOT)/Carthage/Build/iOS/Swinject.framework",
				"$(SRCROOT)/Carthage/Build/iOS/SnapKit.framework",
				"$(SRCROOT)/Carthage/Build/iOS/RxOptional.framework",
				"$(SRCROOT)/Carthage/Build/iOS/RxMoya.framework",
				"$(SRCROOT)/Carthage/Build/iOS/Moya.framework",
			);
			name = "[CP] Copy Carthage Resources";
			outputFileListPaths = (
			);
			outputPaths = (
			);
			runOnlyForDeploymentPostprocessing = 0;
			shellPath = /bin/sh;
			shellScript = "/usr/local/bin/carthage copy-frameworks\n";
		};
		D8632A87BF32D07122FFA18F /* [CP] Embed Pods Frameworks */ = {
			isa = PBXShellScriptBuildPhase;
			buildActionMask = 2147483647;
			files = (
			);
			inputFileListPaths = (
			);
			inputPaths = (
				"${PODS_ROOT}/Target Support Files/Pods-FlickTests/Pods-FlickTests-frameworks.sh",
				"${BUILT_PRODUCTS_DIR}/Nimble/Nimble.framework",
				"${BUILT_PRODUCTS_DIR}/Quick/Quick.framework",
			);
			name = "[CP] Embed Pods Frameworks";
			outputFileListPaths = (
			);
			outputPaths = (
				"${TARGET_BUILD_DIR}/${FRAMEWORKS_FOLDER_PATH}/Nimble.framework",
				"${TARGET_BUILD_DIR}/${FRAMEWORKS_FOLDER_PATH}/Quick.framework",
			);
			runOnlyForDeploymentPostprocessing = 0;
			shellPath = /bin/sh;
			shellScript = "\"${PODS_ROOT}/Target Support Files/Pods-FlickTests/Pods-FlickTests-frameworks.sh\"\n";
			showEnvVarsInLog = 0;
		};
/* End PBXShellScriptBuildPhase section */

/* Begin PBXSourcesBuildPhase section */
		BDBEF8CE224EEE1A00829E82 /* Sources */ = {
			isa = PBXSourcesBuildPhase;
			buildActionMask = 2147483647;
			files = (
				BDBEF929224EF9DA00829E82 /* FkrSearchRequest.swift in Sources */,
				BDBEF8D8224EEE1A00829E82 /* ViewController.swift in Sources */,
				BDBEF8D6224EEE1A00829E82 /* AppDelegate.swift in Sources */,
				BDBEF915224EEFDF00829E82 /* Envoriment.swift in Sources */,
				BDBEF92B224EFDEC00829E82 /* DictionarySerializable.swift in Sources */,
				BDBEF8DE224EEE1A00829E82 /* Flick.xcdatamodeld in Sources */,
				BDBEF91C224EF26500829E82 /* L10n.swift in Sources */,
				BDBEF91E224EF29000829E82 /* FlickrApi.swift in Sources */,
			);
			runOnlyForDeploymentPostprocessing = 0;
		};
		BDBEF8E5224EEE1B00829E82 /* Sources */ = {
			isa = PBXSourcesBuildPhase;
			buildActionMask = 2147483647;
			files = (
				BDBEF8EE224EEE1B00829E82 /* FlickTests.swift in Sources */,
			);
			runOnlyForDeploymentPostprocessing = 0;
		};
		BDBEF8F0224EEE1B00829E82 /* Sources */ = {
			isa = PBXSourcesBuildPhase;
			buildActionMask = 2147483647;
			files = (
				BDBEF8F9224EEE1B00829E82 /* FlickUITests.swift in Sources */,
			);
			runOnlyForDeploymentPostprocessing = 0;
		};
/* End PBXSourcesBuildPhase section */

/* Begin PBXTargetDependency section */
		BDBEF8EB224EEE1B00829E82 /* PBXTargetDependency */ = {
			isa = PBXTargetDependency;
			target = BDBEF8D1224EEE1A00829E82 /* Flick */;
			targetProxy = BDBEF8EA224EEE1B00829E82 /* PBXContainerItemProxy */;
		};
		BDBEF8F6224EEE1B00829E82 /* PBXTargetDependency */ = {
			isa = PBXTargetDependency;
			target = BDBEF8D1224EEE1A00829E82 /* Flick */;
			targetProxy = BDBEF8F5224EEE1B00829E82 /* PBXContainerItemProxy */;
		};
/* End PBXTargetDependency section */

/* Begin PBXVariantGroup section */
		BDBEF8D9224EEE1A00829E82 /* Main.storyboard */ = {
			isa = PBXVariantGroup;
			children = (
				BDBEF8DA224EEE1A00829E82 /* Base */,
			);
			name = Main.storyboard;
			sourceTree = "<group>";
		};
		BDBEF8E1224EEE1B00829E82 /* LaunchScreen.storyboard */ = {
			isa = PBXVariantGroup;
			children = (
				BDBEF8E2224EEE1B00829E82 /* Base */,
			);
			name = LaunchScreen.storyboard;
			sourceTree = "<group>";
		};
		BDBEF911224EEF9E00829E82 /* Localizable.strings */ = {
			isa = PBXVariantGroup;
			children = (
				BDBEF912224EEF9E00829E82 /* Base */,
			);
			name = Localizable.strings;
			sourceTree = "<group>";
		};
/* End PBXVariantGroup section */

/* Begin XCBuildConfiguration section */
		BDBEF8FB224EEE1B00829E82 /* Debug */ = {
			isa = XCBuildConfiguration;
			buildSettings = {
				ALWAYS_SEARCH_USER_PATHS = NO;
				CLANG_ANALYZER_NONNULL = YES;
				CLANG_ANALYZER_NUMBER_OBJECT_CONVERSION = YES_AGGRESSIVE;
				CLANG_CXX_LANGUAGE_STANDARD = "gnu++14";
				CLANG_CXX_LIBRARY = "libc++";
				CLANG_ENABLE_MODULES = YES;
				CLANG_ENABLE_OBJC_ARC = YES;
				CLANG_ENABLE_OBJC_WEAK = YES;
				CLANG_WARN_BLOCK_CAPTURE_AUTORELEASING = YES;
				CLANG_WARN_BOOL_CONVERSION = YES;
				CLANG_WARN_COMMA = YES;
				CLANG_WARN_CONSTANT_CONVERSION = YES;
				CLANG_WARN_DEPRECATED_OBJC_IMPLEMENTATIONS = YES;
				CLANG_WARN_DIRECT_OBJC_ISA_USAGE = YES_ERROR;
				CLANG_WARN_DOCUMENTATION_COMMENTS = YES;
				CLANG_WARN_EMPTY_BODY = YES;
				CLANG_WARN_ENUM_CONVERSION = YES;
				CLANG_WARN_INFINITE_RECURSION = YES;
				CLANG_WARN_INT_CONVERSION = YES;
				CLANG_WARN_NON_LITERAL_NULL_CONVERSION = YES;
				CLANG_WARN_OBJC_IMPLICIT_RETAIN_SELF = YES;
				CLANG_WARN_OBJC_LITERAL_CONVERSION = YES;
				CLANG_WARN_OBJC_ROOT_CLASS = YES_ERROR;
				CLANG_WARN_RANGE_LOOP_ANALYSIS = YES;
				CLANG_WARN_STRICT_PROTOTYPES = YES;
				CLANG_WARN_SUSPICIOUS_MOVE = YES;
				CLANG_WARN_UNGUARDED_AVAILABILITY = YES_AGGRESSIVE;
				CLANG_WARN_UNREACHABLE_CODE = YES;
				CLANG_WARN__DUPLICATE_METHOD_MATCH = YES;
				CODE_SIGN_IDENTITY = "iPhone Developer";
				COPY_PHASE_STRIP = NO;
				DEBUG_INFORMATION_FORMAT = dwarf;
				ENABLE_STRICT_OBJC_MSGSEND = YES;
				ENABLE_TESTABILITY = YES;
				GCC_C_LANGUAGE_STANDARD = gnu11;
				GCC_DYNAMIC_NO_PIC = NO;
				GCC_NO_COMMON_BLOCKS = YES;
				GCC_OPTIMIZATION_LEVEL = 0;
				GCC_PREPROCESSOR_DEFINITIONS = (
					"DEBUG=1",
					"$(inherited)",
				);
				GCC_WARN_64_TO_32_BIT_CONVERSION = YES;
				GCC_WARN_ABOUT_RETURN_TYPE = YES_ERROR;
				GCC_WARN_UNDECLARED_SELECTOR = YES;
				GCC_WARN_UNINITIALIZED_AUTOS = YES_AGGRESSIVE;
				GCC_WARN_UNUSED_FUNCTION = YES;
				GCC_WARN_UNUSED_VARIABLE = YES;
				IPHONEOS_DEPLOYMENT_TARGET = 10.3;
				MTL_ENABLE_DEBUG_INFO = INCLUDE_SOURCE;
				MTL_FAST_MATH = YES;
				ONLY_ACTIVE_ARCH = YES;
				SDKROOT = iphoneos;
				SWIFT_ACTIVE_COMPILATION_CONDITIONS = DEBUG;
				SWIFT_OPTIMIZATION_LEVEL = "-Onone";
			};
			name = Debug;
		};
		BDBEF8FC224EEE1B00829E82 /* Release */ = {
			isa = XCBuildConfiguration;
			buildSettings = {
				ALWAYS_SEARCH_USER_PATHS = NO;
				CLANG_ANALYZER_NONNULL = YES;
				CLANG_ANALYZER_NUMBER_OBJECT_CONVERSION = YES_AGGRESSIVE;
				CLANG_CXX_LANGUAGE_STANDARD = "gnu++14";
				CLANG_CXX_LIBRARY = "libc++";
				CLANG_ENABLE_MODULES = YES;
				CLANG_ENABLE_OBJC_ARC = YES;
				CLANG_ENABLE_OBJC_WEAK = YES;
				CLANG_WARN_BLOCK_CAPTURE_AUTORELEASING = YES;
				CLANG_WARN_BOOL_CONVERSION = YES;
				CLANG_WARN_COMMA = YES;
				CLANG_WARN_CONSTANT_CONVERSION = YES;
				CLANG_WARN_DEPRECATED_OBJC_IMPLEMENTATIONS = YES;
				CLANG_WARN_DIRECT_OBJC_ISA_USAGE = YES_ERROR;
				CLANG_WARN_DOCUMENTATION_COMMENTS = YES;
				CLANG_WARN_EMPTY_BODY = YES;
				CLANG_WARN_ENUM_CONVERSION = YES;
				CLANG_WARN_INFINITE_RECURSION = YES;
				CLANG_WARN_INT_CONVERSION = YES;
				CLANG_WARN_NON_LITERAL_NULL_CONVERSION = YES;
				CLANG_WARN_OBJC_IMPLICIT_RETAIN_SELF = YES;
				CLANG_WARN_OBJC_LITERAL_CONVERSION = YES;
				CLANG_WARN_OBJC_ROOT_CLASS = YES_ERROR;
				CLANG_WARN_RANGE_LOOP_ANALYSIS = YES;
				CLANG_WARN_STRICT_PROTOTYPES = YES;
				CLANG_WARN_SUSPICIOUS_MOVE = YES;
				CLANG_WARN_UNGUARDED_AVAILABILITY = YES_AGGRESSIVE;
				CLANG_WARN_UNREACHABLE_CODE = YES;
				CLANG_WARN__DUPLICATE_METHOD_MATCH = YES;
				CODE_SIGN_IDENTITY = "iPhone Developer";
				COPY_PHASE_STRIP = NO;
				DEBUG_INFORMATION_FORMAT = "dwarf-with-dsym";
				ENABLE_NS_ASSERTIONS = NO;
				ENABLE_STRICT_OBJC_MSGSEND = YES;
				GCC_C_LANGUAGE_STANDARD = gnu11;
				GCC_NO_COMMON_BLOCKS = YES;
				GCC_WARN_64_TO_32_BIT_CONVERSION = YES;
				GCC_WARN_ABOUT_RETURN_TYPE = YES_ERROR;
				GCC_WARN_UNDECLARED_SELECTOR = YES;
				GCC_WARN_UNINITIALIZED_AUTOS = YES_AGGRESSIVE;
				GCC_WARN_UNUSED_FUNCTION = YES;
				GCC_WARN_UNUSED_VARIABLE = YES;
				IPHONEOS_DEPLOYMENT_TARGET = 10.3;
				MTL_ENABLE_DEBUG_INFO = NO;
				MTL_FAST_MATH = YES;
				SDKROOT = iphoneos;
				SWIFT_COMPILATION_MODE = wholemodule;
				SWIFT_OPTIMIZATION_LEVEL = "-O";
				VALIDATE_PRODUCT = YES;
			};
			name = Release;
		};
		BDBEF8FE224EEE1B00829E82 /* Debug */ = {
			isa = XCBuildConfiguration;
			baseConfigurationReference = 1C365CAAE2EF72A2A14B1383 /* Pods-Flick.debug.xcconfig */;
			buildSettings = {
				ASSETCATALOG_COMPILER_APPICON_NAME = AppIcon;
				CODE_SIGN_STYLE = Automatic;
				DEVELOPMENT_TEAM = 576T8HK6X4;
				FRAMEWORK_SEARCH_PATHS = (
					"$(inherited)",
					"$(PROJECT_DIR)/Carthage/Build/iOS",
				);
				INFOPLIST_FILE = Flick/Info.plist;
				IPHONEOS_DEPLOYMENT_TARGET = 10.3;
				LD_RUNPATH_SEARCH_PATHS = (
					"$(inherited)",
					"@executable_path/Frameworks",
				);
				PRODUCT_BUNDLE_IDENTIFIER = com.hucet.Flick;
				PRODUCT_NAME = "$(TARGET_NAME)";
				SWIFT_VERSION = 4.2;
				TARGETED_DEVICE_FAMILY = "1,2";
			};
			name = Debug;
		};
		BDBEF8FF224EEE1B00829E82 /* Release */ = {
			isa = XCBuildConfiguration;
			baseConfigurationReference = F80088DEEEFF629FC2A9531F /* Pods-Flick.release.xcconfig */;
			buildSettings = {
				ASSETCATALOG_COMPILER_APPICON_NAME = AppIcon;
				CODE_SIGN_STYLE = Automatic;
				DEVELOPMENT_TEAM = 576T8HK6X4;
				FRAMEWORK_SEARCH_PATHS = (
					"$(inherited)",
					"$(PROJECT_DIR)/Carthage/Build/iOS",
				);
				INFOPLIST_FILE = Flick/Info.plist;
				IPHONEOS_DEPLOYMENT_TARGET = 10.3;
				LD_RUNPATH_SEARCH_PATHS = (
					"$(inherited)",
					"@executable_path/Frameworks",
				);
				PRODUCT_BUNDLE_IDENTIFIER = com.hucet.Flick;
				PRODUCT_NAME = "$(TARGET_NAME)";
				SWIFT_VERSION = 4.2;
				TARGETED_DEVICE_FAMILY = "1,2";
			};
			name = Release;
		};
		BDBEF901224EEE1B00829E82 /* Debug */ = {
			isa = XCBuildConfiguration;
			baseConfigurationReference = 6EBD8051D21904ADE4DD5606 /* Pods-FlickTests.debug.xcconfig */;
			buildSettings = {
				ALWAYS_EMBED_SWIFT_STANDARD_LIBRARIES = YES;
				BUNDLE_LOADER = "$(TEST_HOST)";
				CODE_SIGN_STYLE = Automatic;
				DEVELOPMENT_TEAM = 576T8HK6X4;
				INFOPLIST_FILE = FlickTests/Info.plist;
				LD_RUNPATH_SEARCH_PATHS = (
					"$(inherited)",
					"@executable_path/Frameworks",
					"@loader_path/Frameworks",
				);
				PRODUCT_BUNDLE_IDENTIFIER = com.hucet.FlickTests;
				PRODUCT_NAME = "$(TARGET_NAME)";
				SWIFT_VERSION = 4.2;
				TARGETED_DEVICE_FAMILY = "1,2";
				TEST_HOST = "$(BUILT_PRODUCTS_DIR)/Flick.app/Flick";
			};
			name = Debug;
		};
		BDBEF902224EEE1B00829E82 /* Release */ = {
			isa = XCBuildConfiguration;
			baseConfigurationReference = 25D324F85FD1D7D22A0C3AB1 /* Pods-FlickTests.release.xcconfig */;
			buildSettings = {
				ALWAYS_EMBED_SWIFT_STANDARD_LIBRARIES = YES;
				BUNDLE_LOADER = "$(TEST_HOST)";
				CODE_SIGN_STYLE = Automatic;
				DEVELOPMENT_TEAM = 576T8HK6X4;
				INFOPLIST_FILE = FlickTests/Info.plist;
				LD_RUNPATH_SEARCH_PATHS = (
					"$(inherited)",
					"@executable_path/Frameworks",
					"@loader_path/Frameworks",
				);
				PRODUCT_BUNDLE_IDENTIFIER = com.hucet.FlickTests;
				PRODUCT_NAME = "$(TARGET_NAME)";
				SWIFT_VERSION = 4.2;
				TARGETED_DEVICE_FAMILY = "1,2";
				TEST_HOST = "$(BUILT_PRODUCTS_DIR)/Flick.app/Flick";
			};
			name = Release;
		};
		BDBEF904224EEE1B00829E82 /* Debug */ = {
			isa = XCBuildConfiguration;
			baseConfigurationReference = 42C28AF6200681BA26B3A394 /* Pods-FlickUITests.debug.xcconfig */;
			buildSettings = {
				ALWAYS_EMBED_SWIFT_STANDARD_LIBRARIES = YES;
				CODE_SIGN_STYLE = Automatic;
				DEVELOPMENT_TEAM = 576T8HK6X4;
				INFOPLIST_FILE = FlickUITests/Info.plist;
				LD_RUNPATH_SEARCH_PATHS = (
					"$(inherited)",
					"@executable_path/Frameworks",
					"@loader_path/Frameworks",
				);
				PRODUCT_BUNDLE_IDENTIFIER = com.hucet.FlickUITests;
				PRODUCT_NAME = "$(TARGET_NAME)";
				SWIFT_VERSION = 4.2;
				TARGETED_DEVICE_FAMILY = "1,2";
				TEST_TARGET_NAME = Flick;
			};
			name = Debug;
		};
		BDBEF905224EEE1B00829E82 /* Release */ = {
			isa = XCBuildConfiguration;
			baseConfigurationReference = D4012C9C4A2515B3963C7316 /* Pods-FlickUITests.release.xcconfig */;
			buildSettings = {
				ALWAYS_EMBED_SWIFT_STANDARD_LIBRARIES = YES;
				CODE_SIGN_STYLE = Automatic;
				DEVELOPMENT_TEAM = 576T8HK6X4;
				INFOPLIST_FILE = FlickUITests/Info.plist;
				LD_RUNPATH_SEARCH_PATHS = (
					"$(inherited)",
					"@executable_path/Frameworks",
					"@loader_path/Frameworks",
				);
				PRODUCT_BUNDLE_IDENTIFIER = com.hucet.FlickUITests;
				PRODUCT_NAME = "$(TARGET_NAME)";
				SWIFT_VERSION = 4.2;
				TARGETED_DEVICE_FAMILY = "1,2";
				TEST_TARGET_NAME = Flick;
			};
			name = Release;
		};
/* End XCBuildConfiguration section */

/* Begin XCConfigurationList section */
		BDBEF8CD224EEE1A00829E82 /* Build configuration list for PBXProject "Flick" */ = {
			isa = XCConfigurationList;
			buildConfigurations = (
				BDBEF8FB224EEE1B00829E82 /* Debug */,
				BDBEF8FC224EEE1B00829E82 /* Release */,
			);
			defaultConfigurationIsVisible = 0;
			defaultConfigurationName = Release;
		};
		BDBEF8FD224EEE1B00829E82 /* Build configuration list for PBXNativeTarget "Flick" */ = {
			isa = XCConfigurationList;
			buildConfigurations = (
				BDBEF8FE224EEE1B00829E82 /* Debug */,
				BDBEF8FF224EEE1B00829E82 /* Release */,
			);
			defaultConfigurationIsVisible = 0;
			defaultConfigurationName = Release;
		};
		BDBEF900224EEE1B00829E82 /* Build configuration list for PBXNativeTarget "FlickTests" */ = {
			isa = XCConfigurationList;
			buildConfigurations = (
				BDBEF901224EEE1B00829E82 /* Debug */,
				BDBEF902224EEE1B00829E82 /* Release */,
			);
			defaultConfigurationIsVisible = 0;
			defaultConfigurationName = Release;
		};
		BDBEF903224EEE1B00829E82 /* Build configuration list for PBXNativeTarget "FlickUITests" */ = {
			isa = XCConfigurationList;
			buildConfigurations = (
				BDBEF904224EEE1B00829E82 /* Debug */,
				BDBEF905224EEE1B00829E82 /* Release */,
			);
			defaultConfigurationIsVisible = 0;
			defaultConfigurationName = Release;
		};
/* End XCConfigurationList section */

/* Begin XCVersionGroup section */
		BDBEF8DC224EEE1A00829E82 /* Flick.xcdatamodeld */ = {
			isa = XCVersionGroup;
			children = (
				BDBEF8DD224EEE1A00829E82 /* Flick.xcdatamodel */,
			);
			currentVersion = BDBEF8DD224EEE1A00829E82 /* Flick.xcdatamodel */;
			path = Flick.xcdatamodeld;
			sourceTree = "<group>";
			versionGroupType = wrapper.xcdatamodel;
		};
/* End XCVersionGroup section */
	};
	rootObject = BDBEF8CA224EEE1A00829E82 /* Project object */;
}
